
Microsoft Visual Studio Solution File, Format Version 12.00
Project("{2150E333-8FDC-42A3-9474-1A3956D46DE8}") = "GamePresentation", "GamePresentation", "{24E28594-82BD-434E-AC9E-8CAF612FD5F6}"
EndProject
Project("{2150E333-8FDC-42A3-9474-1A3956D46DE8}") = "00 - Common", "00 - Common", "{0F4D98B0-B0B2-430D-9B0D-A8F84DF5A2C1}"
EndProject
Project("{FAE04EC0-301F-11D3-BF4B-00C04F79EFBC}") = "OOGame", "OOGame\OOGame.csproj", "{C0E415F4-700D-457D-AA4A-B704F73814B6}"
EndProject
Project("{FAE04EC0-301F-11D3-BF4B-00C04F79EFBC}") = "Content", "Content\Content.csproj", "{8AA7CE72-5BAE-4356-9FB3-823A68899959}"
EndProject
Project("{FAE04EC0-301F-11D3-BF4B-00C04F79EFBC}") = "Common", "Common\Common.csproj", "{2C147481-183D-4611-A4A0-A5AF88FF021A}"
EndProject
Global
	GlobalSection(SolutionConfigurationPlatforms) = preSolution
		Debug|Any CPU = Debug|Any CPU
		Release|Any CPU = Release|Any CPU
	EndGlobalSection
	GlobalSection(ProjectConfigurationPlatforms) = postSolution
		{C0E415F4-700D-457D-AA4A-B704F73814B6}.Debug|Any CPU.ActiveCfg = Debug|Any CPU
		{C0E415F4-700D-457D-AA4A-B704F73814B6}.Debug|Any CPU.Build.0 = Debug|Any CPU
		{C0E415F4-700D-457D-AA4A-B704F73814B6}.Release|Any CPU.ActiveCfg = Release|Any CPU
		{C0E415F4-700D-457D-AA4A-B704F73814B6}.Release|Any CPU.Build.0 = Release|Any CPU
		{8AA7CE72-5BAE-4356-9FB3-823A68899959}.Debug|Any CPU.ActiveCfg = Debug|Any CPU
		{8AA7CE72-5BAE-4356-9FB3-823A68899959}.Debug|Any CPU.Build.0 = Debug|Any CPU
		{8AA7CE72-5BAE-4356-9FB3-823A68899959}.Release|Any CPU.ActiveCfg = Release|Any CPU
		{8AA7CE72-5BAE-4356-9FB3-823A68899959}.Release|Any CPU.Build.0 = Release|Any CPU
		{2C147481-183D-4611-A4A0-A5AF88FF021A}.Debug|Any CPU.ActiveCfg = Debug|Any CPU
		{2C147481-183D-4611-A4A0-A5AF88FF021A}.Debug|Any CPU.Build.0 = Debug|Any CPU
		{2C147481-183D-4611-A4A0-A5AF88FF021A}.Release|Any CPU.ActiveCfg = Release|Any CPU
		{2C147481-183D-4611-A4A0-A5AF88FF021A}.Release|Any CPU.Build.0 = Release|Any CPU
	EndGlobalSection
	GlobalSection(NestedProjects) = preSolution
		{C0E415F4-700D-457D-AA4A-B704F73814B6} = {24E28594-82BD-434E-AC9E-8CAF612FD5F6}
		{8AA7CE72-5BAE-4356-9FB3-823A68899959} = {24E28594-82BD-434E-AC9E-8CAF612FD5F6}
		{2C147481-183D-4611-A4A0-A5AF88FF021A} = {0F4D98B0-B0B2-430D-9B0D-A8F84DF5A2C1}
	EndGlobalSection
EndGlobal
